
Microsoft Visual Studio Solution File, Format Version 12.00
# Visual Studio Version 17
VisualStudioVersion = 17.6.33717.318
MinimumVisualStudioVersion = 10.0.40219.1
Project("{FAE04EC0-301F-11D3-BF4B-00C04F79EFBC}") = "TemplateProject", "TemplateProject\TemplateProject.csproj", "{A58E04BA-9404-49E6-A17A-B52D3D777552}"
EndProject
Global
	GlobalSection(SolutionConfigurationPlatforms) = preSolution
		Debug|Any CPU = Debug|Any CPU
		Release|Any CPU = Release|Any CPU
	EndGlobalSection
	GlobalSection(ProjectConfigurationPlatforms) = postSolution
		{A58E04BA-9404-49E6-A17A-B52D3D777552}.Debug|Any CPU.ActiveCfg = Debug|Any CPU
		{A58E04BA-9404-49E6-A17A-B52D3D777552}.Debug|Any CPU.Build.0 = Debug|Any CPU
		{A58E04BA-9404-49E6-A17A-B52D3D777552}.Release|Any CPU.ActiveCfg = Release|Any CPU
		{A58E04BA-9404-49E6-A17A-B52D3D777552}.Release|Any CPU.Build.0 = Release|Any CPU
	EndGlobalSection
	GlobalSection(SolutionProperties) = preSolution
		HideSolutionNode = FALSE
	EndGlobalSection
	GlobalSection(ExtensibilityGlobals) = postSolution
		SolutionGuid = {C2BD8754-E3B4-44D8-A16C-52FD6A2AA1D9}
	EndGlobalSection
EndGlobal
